// !$*UTF8*$!
{
	archiveVersion = 1;
	classes = {
	};
	objectVersion = 46;
	objects = {

/* Begin PBXBuildFile section */
		51297FDD15C59F0B00C3036D /* Cocoa.framework in Frameworks */ = {isa = PBXBuildFile; fileRef = 51297FDC15C59F0B00C3036D /* Cocoa.framework */; };
		51297FE715C59F0B00C3036D /* InfoPlist.strings in Resources */ = {isa = PBXBuildFile; fileRef = 51297FE515C59F0B00C3036D /* InfoPlist.strings */; };
		51297FE915C59F0B00C3036D /* main.m in Sources */ = {isa = PBXBuildFile; fileRef = 51297FE815C59F0B00C3036D /* main.m */; };
		51297FED15C59F0B00C3036D /* Credits.rtf in Resources */ = {isa = PBXBuildFile; fileRef = 51297FEB15C59F0B00C3036D /* Credits.rtf */; };
		51297FF015C59F0B00C3036D /* AppDelegate.m in Sources */ = {isa = PBXBuildFile; fileRef = 51297FEF15C59F0B00C3036D /* AppDelegate.m */; };
		51297FF315C59F0B00C3036D /* MainMenu.xib in Resources */ = {isa = PBXBuildFile; fileRef = 51297FF115C59F0B00C3036D /* MainMenu.xib */; };
		51297FFB15C59F0B00C3036D /* SenTestingKit.framework in Frameworks */ = {isa = PBXBuildFile; fileRef = 51297FFA15C59F0B00C3036D /* SenTestingKit.framework */; };
		51297FFC15C59F0B00C3036D /* Cocoa.framework in Frameworks */ = {isa = PBXBuildFile; fileRef = 51297FDC15C59F0B00C3036D /* Cocoa.framework */; };
		5129800415C59F0B00C3036D /* InfoPlist.strings in Resources */ = {isa = PBXBuildFile; fileRef = 5129800215C59F0B00C3036D /* InfoPlist.strings */; };
		5129800715C59F0B00C3036D /* GMusicPlayerTests.m in Sources */ = {isa = PBXBuildFile; fileRef = 5129800615C59F0B00C3036D /* GMusicPlayerTests.m */; };
/* End PBXBuildFile section */

/* Begin PBXContainerItemProxy section */
		51297FFD15C59F0B00C3036D /* PBXContainerItemProxy */ = {
			isa = PBXContainerItemProxy;
			containerPortal = 51297FCF15C59F0B00C3036D /* Project object */;
			proxyType = 1;
			remoteGlobalIDString = 51297FD715C59F0B00C3036D;
			remoteInfo = GMusicPlayer;
		};
/* End PBXContainerItemProxy section */

/* Begin PBXFileReference section */
		51297FD815C59F0B00C3036D /* GMusicPlayer.app */ = {isa = PBXFileReference; explicitFileType = wrapper.application; includeInIndex = 0; path = GMusicPlayer.app; sourceTree = BUILT_PRODUCTS_DIR; };
		51297FDC15C59F0B00C3036D /* Cocoa.framework */ = {isa = PBXFileReference; lastKnownFileType = wrapper.framework; name = Cocoa.framework; path = System/Library/Frameworks/Cocoa.framework; sourceTree = SDKROOT; };
		51297FDF15C59F0B00C3036D /* AppKit.framework */ = {isa = PBXFileReference; lastKnownFileType = wrapper.framework; name = AppKit.framework; path = System/Library/Frameworks/AppKit.framework; sourceTree = SDKROOT; };
		51297FE015C59F0B00C3036D /* CoreData.framework */ = {isa = PBXFileReference; lastKnownFileType = wrapper.framework; name = CoreData.framework; path = System/Library/Frameworks/CoreData.framework; sourceTree = SDKROOT; };
		51297FE115C59F0B00C3036D /* Foundation.framework */ = {isa = PBXFileReference; lastKnownFileType = wrapper.framework; name = Foundation.framework; path = System/Library/Frameworks/Foundation.framework; sourceTree = SDKROOT; };
		51297FE415C59F0B00C3036D /* GMusicPlayer-Info.plist */ = {isa = PBXFileReference; lastKnownFileType = text.plist.xml; path = "GMusicPlayer-Info.plist"; sourceTree = "<group>"; };
		51297FE615C59F0B00C3036D /* en */ = {isa = PBXFileReference; lastKnownFileType = text.plist.strings; name = en; path = en.lproj/InfoPlist.strings; sourceTree = "<group>"; };
		51297FE815C59F0B00C3036D /* main.m */ = {isa = PBXFileReference; lastKnownFileType = sourcecode.c.objc; path = main.m; sourceTree = "<group>"; };
		51297FEA15C59F0B00C3036D /* GMusicPlayer-Prefix.pch */ = {isa = PBXFileReference; lastKnownFileType = sourcecode.c.h; path = "GMusicPlayer-Prefix.pch"; sourceTree = "<group>"; };
		51297FEC15C59F0B00C3036D /* en */ = {isa = PBXFileReference; lastKnownFileType = text.rtf; name = en; path = en.lproj/Credits.rtf; sourceTree = "<group>"; };
		51297FEE15C59F0B00C3036D /* AppDelegate.h */ = {isa = PBXFileReference; lastKnownFileType = sourcecode.c.h; path = AppDelegate.h; sourceTree = "<group>"; };
		51297FEF15C59F0B00C3036D /* AppDelegate.m */ = {isa = PBXFileReference; lastKnownFileType = sourcecode.c.objc; path = AppDelegate.m; sourceTree = "<group>"; };
		51297FF215C59F0B00C3036D /* en */ = {isa = PBXFileReference; lastKnownFileType = file.xib; name = en; path = en.lproj/MainMenu.xib; sourceTree = "<group>"; };
		51297FF915C59F0B00C3036D /* GMusicPlayerTests.octest */ = {isa = PBXFileReference; explicitFileType = wrapper.cfbundle; includeInIndex = 0; path = GMusicPlayerTests.octest; sourceTree = BUILT_PRODUCTS_DIR; };
		51297FFA15C59F0B00C3036D /* SenTestingKit.framework */ = {isa = PBXFileReference; lastKnownFileType = wrapper.framework; name = SenTestingKit.framework; path = Library/Frameworks/SenTestingKit.framework; sourceTree = DEVELOPER_DIR; };
		5129800115C59F0B00C3036D /* GMusicPlayerTests-Info.plist */ = {isa = PBXFileReference; lastKnownFileType = text.plist.xml; path = "GMusicPlayerTests-Info.plist"; sourceTree = "<group>"; };
		5129800315C59F0B00C3036D /* en */ = {isa = PBXFileReference; lastKnownFileType = text.plist.strings; name = en; path = en.lproj/InfoPlist.strings; sourceTree = "<group>"; };
		5129800515C59F0B00C3036D /* GMusicPlayerTests.h */ = {isa = PBXFileReference; lastKnownFileType = sourcecode.c.h; path = GMusicPlayerTests.h; sourceTree = "<group>"; };
		5129800615C59F0B00C3036D /* GMusicPlayerTests.m */ = {isa = PBXFileReference; lastKnownFileType = sourcecode.c.objc; path = GMusicPlayerTests.m; sourceTree = "<group>"; };
/* End PBXFileReference section */

/* Begin PBXFrameworksBuildPhase section */
		51297FD515C59F0B00C3036D /* Frameworks */ = {
			isa = PBXFrameworksBuildPhase;
			buildActionMask = 2147483647;
			files = (
				51297FDD15C59F0B00C3036D /* Cocoa.framework in Frameworks */,
			);
			runOnlyForDeploymentPostprocessing = 0;
		};
		51297FF515C59F0B00C3036D /* Frameworks */ = {
			isa = PBXFrameworksBuildPhase;
			buildActionMask = 2147483647;
			files = (
				51297FFB15C59F0B00C3036D /* SenTestingKit.framework in Frameworks */,
				51297FFC15C59F0B00C3036D /* Cocoa.framework in Frameworks */,
			);
			runOnlyForDeploymentPostprocessing = 0;
		};
/* End PBXFrameworksBuildPhase section */

/* Begin PBXGroup section */
		51297FCD15C59F0B00C3036D = {
			isa = PBXGroup;
			children = (
				51297FE215C59F0B00C3036D /* GMusicPlayer */,
				51297FFF15C59F0B00C3036D /* GMusicPlayerTests */,
				51297FDB15C59F0B00C3036D /* Frameworks */,
				51297FD915C59F0B00C3036D /* Products */,
			);
			sourceTree = "<group>";
		};
		51297FD915C59F0B00C3036D /* Products */ = {
			isa = PBXGroup;
			children = (
				51297FD815C59F0B00C3036D /* GMusicPlayer.app */,
				51297FF915C59F0B00C3036D /* GMusicPlayerTests.octest */,
			);
			name = Products;
			sourceTree = "<group>";
		};
		51297FDB15C59F0B00C3036D /* Frameworks */ = {
			isa = PBXGroup;
			children = (
				51297FDC15C59F0B00C3036D /* Cocoa.framework */,
				51297FFA15C59F0B00C3036D /* SenTestingKit.framework */,
				51297FDE15C59F0B00C3036D /* Other Frameworks */,
			);
			name = Frameworks;
			sourceTree = "<group>";
		};
		51297FDE15C59F0B00C3036D /* Other Frameworks */ = {
			isa = PBXGroup;
			children = (
				51297FDF15C59F0B00C3036D /* AppKit.framework */,
				51297FE015C59F0B00C3036D /* CoreData.framework */,
				51297FE115C59F0B00C3036D /* Foundation.framework */,
			);
			name = "Other Frameworks";
			sourceTree = "<group>";
		};
		51297FE215C59F0B00C3036D /* GMusicPlayer */ = {
			isa = PBXGroup;
			children = (
				51297FEE15C59F0B00C3036D /* AppDelegate.h */,
				51297FEF15C59F0B00C3036D /* AppDelegate.m */,
				51297FF115C59F0B00C3036D /* MainMenu.xib */,
				51297FE315C59F0B00C3036D /* Supporting Files */,
			);
			path = GMusicPlayer;
			sourceTree = "<group>";
		};
		51297FE315C59F0B00C3036D /* Supporting Files */ = {
			isa = PBXGroup;
			children = (
				51297FE415C59F0B00C3036D /* GMusicPlayer-Info.plist */,
				51297FE515C59F0B00C3036D /* InfoPlist.strings */,
				51297FE815C59F0B00C3036D /* main.m */,
				51297FEA15C59F0B00C3036D /* GMusicPlayer-Prefix.pch */,
				51297FEB15C59F0B00C3036D /* Credits.rtf */,
			);
			name = "Supporting Files";
			sourceTree = "<group>";
		};
		51297FFF15C59F0B00C3036D /* GMusicPlayerTests */ = {
			isa = PBXGroup;
			children = (
				5129800515C59F0B00C3036D /* GMusicPlayerTests.h */,
				5129800615C59F0B00C3036D /* GMusicPlayerTests.m */,
				5129800015C59F0B00C3036D /* Supporting Files */,
			);
			path = GMusicPlayerTests;
			sourceTree = "<group>";
		};
		5129800015C59F0B00C3036D /* Supporting Files */ = {
			isa = PBXGroup;
			children = (
				5129800115C59F0B00C3036D /* GMusicPlayerTests-Info.plist */,
				5129800215C59F0B00C3036D /* InfoPlist.strings */,
			);
			name = "Supporting Files";
			sourceTree = "<group>";
		};
/* End PBXGroup section */

/* Begin PBXNativeTarget section */
		51297FD715C59F0B00C3036D /* GMusicPlayer */ = {
			isa = PBXNativeTarget;
			buildConfigurationList = 5129800A15C59F0B00C3036D /* Build configuration list for PBXNativeTarget "GMusicPlayer" */;
			buildPhases = (
				51297FD415C59F0B00C3036D /* Sources */,
				51297FD515C59F0B00C3036D /* Frameworks */,
				51297FD615C59F0B00C3036D /* Resources */,
			);
			buildRules = (
			);
			dependencies = (
			);
			name = GMusicPlayer;
			productName = GMusicPlayer;
			productReference = 51297FD815C59F0B00C3036D /* GMusicPlayer.app */;
			productType = "com.apple.product-type.application";
		};
		51297FF815C59F0B00C3036D /* GMusicPlayerTests */ = {
			isa = PBXNativeTarget;
			buildConfigurationList = 5129800D15C59F0B00C3036D /* Build configuration list for PBXNativeTarget "GMusicPlayerTests" */;
			buildPhases = (
				51297FF415C59F0B00C3036D /* Sources */,
				51297FF515C59F0B00C3036D /* Frameworks */,
				51297FF615C59F0B00C3036D /* Resources */,
				51297FF715C59F0B00C3036D /* ShellScript */,
			);
			buildRules = (
			);
			dependencies = (
				51297FFE15C59F0B00C3036D /* PBXTargetDependency */,
			);
			name = GMusicPlayerTests;
			productName = GMusicPlayerTests;
			productReference = 51297FF915C59F0B00C3036D /* GMusicPlayerTests.octest */;
			productType = "com.apple.product-type.bundle";
		};
/* End PBXNativeTarget section */

/* Begin PBXProject section */
		51297FCF15C59F0B00C3036D /* Project object */ = {
			isa = PBXProject;
			attributes = {
				LastUpgradeCheck = 0440;
				ORGANIZATIONNAME = "Arnaud Frugier";
			};
			buildConfigurationList = 51297FD215C59F0B00C3036D /* Build configuration list for PBXProject "GMusicPlayer" */;
			compatibilityVersion = "Xcode 3.2";
			developmentRegion = English;
			hasScannedForEncodings = 0;
			knownRegions = (
				en,
			);
			mainGroup = 51297FCD15C59F0B00C3036D;
			productRefGroup = 51297FD915C59F0B00C3036D /* Products */;
			projectDirPath = "";
			projectRoot = "";
			targets = (
				51297FD715C59F0B00C3036D /* GMusicPlayer */,
				51297FF815C59F0B00C3036D /* GMusicPlayerTests */,
			);
		};
/* End PBXProject section */

/* Begin PBXResourcesBuildPhase section */
		51297FD615C59F0B00C3036D /* Resources */ = {
			isa = PBXResourcesBuildPhase;
			buildActionMask = 2147483647;
			files = (
				51297FE715C59F0B00C3036D /* InfoPlist.strings in Resources */,
				51297FED15C59F0B00C3036D /* Credits.rtf in Resources */,
				51297FF315C59F0B00C3036D /* MainMenu.xib in Resources */,
			);
			runOnlyForDeploymentPostprocessing = 0;
		};
		51297FF615C59F0B00C3036D /* Resources */ = {
			isa = PBXResourcesBuildPhase;
			buildActionMask = 2147483647;
			files = (
				5129800415C59F0B00C3036D /* InfoPlist.strings in Resources */,
			);
			runOnlyForDeploymentPostprocessing = 0;
		};
/* End PBXResourcesBuildPhase section */

/* Begin PBXShellScriptBuildPhase section */
		51297FF715C59F0B00C3036D /* ShellScript */ = {
			isa = PBXShellScriptBuildPhase;
			buildActionMask = 2147483647;
			files = (
			);
			inputPaths = (
			);
			outputPaths = (
			);
			runOnlyForDeploymentPostprocessing = 0;
			shellPath = /bin/sh;
			shellScript = "# Run the unit tests in this test bundle.\n\"${SYSTEM_DEVELOPER_DIR}/Tools/RunUnitTests\"\n";
		};
/* End PBXShellScriptBuildPhase section */

/* Begin PBXSourcesBuildPhase section */
		51297FD415C59F0B00C3036D /* Sources */ = {
			isa = PBXSourcesBuildPhase;
			buildActionMask = 2147483647;
			files = (
				51297FE915C59F0B00C3036D /* main.m in Sources */,
				51297FF015C59F0B00C3036D /* AppDelegate.m in Sources */,
			);
			runOnlyForDeploymentPostprocessing = 0;
		};
		51297FF415C59F0B00C3036D /* Sources */ = {
			isa = PBXSourcesBuildPhase;
			buildActionMask = 2147483647;
			files = (
				5129800715C59F0B00C3036D /* GMusicPlayerTests.m in Sources */,
			);
			runOnlyForDeploymentPostprocessing = 0;
		};
/* End PBXSourcesBuildPhase section */

/* Begin PBXTargetDependency section */
		51297FFE15C59F0B00C3036D /* PBXTargetDependency */ = {
			isa = PBXTargetDependency;
			target = 51297FD715C59F0B00C3036D /* GMusicPlayer */;
			targetProxy = 51297FFD15C59F0B00C3036D /* PBXContainerItemProxy */;
		};
/* End PBXTargetDependency section */

/* Begin PBXVariantGroup section */
		51297FE515C59F0B00C3036D /* InfoPlist.strings */ = {
			isa = PBXVariantGroup;
			children = (
				51297FE615C59F0B00C3036D /* en */,
			);
			name = InfoPlist.strings;
			sourceTree = "<group>";
		};
		51297FEB15C59F0B00C3036D /* Credits.rtf */ = {
			isa = PBXVariantGroup;
			children = (
				51297FEC15C59F0B00C3036D /* en */,
			);
			name = Credits.rtf;
			sourceTree = "<group>";
		};
		51297FF115C59F0B00C3036D /* MainMenu.xib */ = {
			isa = PBXVariantGroup;
			children = (
				51297FF215C59F0B00C3036D /* en */,
			);
			name = MainMenu.xib;
			sourceTree = "<group>";
		};
		5129800215C59F0B00C3036D /* InfoPlist.strings */ = {
			isa = PBXVariantGroup;
			children = (
				5129800315C59F0B00C3036D /* en */,
			);
			name = InfoPlist.strings;
			sourceTree = "<group>";
		};
/* End PBXVariantGroup section */

/* Begin XCBuildConfiguration section */
		5129800815C59F0B00C3036D /* Debug */ = {
			isa = XCBuildConfiguration;
			buildSettings = {
				ALWAYS_SEARCH_USER_PATHS = NO;
				ARCHS = "$(ARCHS_STANDARD_64_BIT)";
				CLANG_CXX_LANGUAGE_STANDARD = "gnu++0x";
				CLANG_ENABLE_OBJC_ARC = YES;
				CLANG_WARN__DUPLICATE_METHOD_MATCH = YES;
				COPY_PHASE_STRIP = NO;
				GCC_C_LANGUAGE_STANDARD = gnu99;
				GCC_DYNAMIC_NO_PIC = NO;
				GCC_ENABLE_OBJC_EXCEPTIONS = YES;
				GCC_OPTIMIZATION_LEVEL = 0;
				GCC_PREPROCESSOR_DEFINITIONS = (
					"DEBUG=1",
					"$(inherited)",
				);
				GCC_SYMBOLS_PRIVATE_EXTERN = NO;
				GCC_WARN_64_TO_32_BIT_CONVERSION = YES;
				GCC_WARN_ABOUT_RETURN_TYPE = YES;
				GCC_WARN_UNINITIALIZED_AUTOS = YES;
				GCC_WARN_UNUSED_VARIABLE = YES;
				MACOSX_DEPLOYMENT_TARGET = 10.8;
				ONLY_ACTIVE_ARCH = YES;
				SDKROOT = macosx;
			};
			name = Debug;
		};
		5129800915C59F0B00C3036D /* Release */ = {
			isa = XCBuildConfiguration;
			buildSettings = {
				ALWAYS_SEARCH_USER_PATHS = NO;
				ARCHS = "$(ARCHS_STANDARD_64_BIT)";
				CLANG_CXX_LANGUAGE_STANDARD = "gnu++0x";
				CLANG_ENABLE_OBJC_ARC = YES;
				CLANG_WARN__DUPLICATE_METHOD_MATCH = YES;
				COPY_PHASE_STRIP = YES;
				DEBUG_INFORMATION_FORMAT = "dwarf-with-dsym";
				GCC_C_LANGUAGE_STANDARD = gnu99;
				GCC_ENABLE_OBJC_EXCEPTIONS = YES;
				GCC_WARN_64_TO_32_BIT_CONVERSION = YES;
				GCC_WARN_ABOUT_RETURN_TYPE = YES;
				GCC_WARN_UNINITIALIZED_AUTOS = YES;
				GCC_WARN_UNUSED_VARIABLE = YES;
				MACOSX_DEPLOYMENT_TARGET = 10.8;
				SDKROOT = macosx;
			};
			name = Release;
		};
		5129800B15C59F0B00C3036D /* Debug */ = {
			isa = XCBuildConfiguration;
			buildSettings = {
				COMBINE_HIDPI_IMAGES = YES;
				GCC_PRECOMPILE_PREFIX_HEADER = YES;
				GCC_PREFIX_HEADER = "GMusicPlayer/GMusicPlayer-Prefix.pch";
				INFOPLIST_FILE = "GMusicPlayer/GMusicPlayer-Info.plist";
				PRODUCT_NAME = "$(TARGET_NAME)";
				WRAPPER_EXTENSION = app;
			};
			name = Debug;
		};
		5129800C15C59F0B00C3036D /* Release */ = {
			isa = XCBuildConfiguration;
			buildSettings = {
				COMBINE_HIDPI_IMAGES = YES;
				GCC_PRECOMPILE_PREFIX_HEADER = YES;
				GCC_PREFIX_HEADER = "GMusicPlayer/GMusicPlayer-Prefix.pch";
				INFOPLIST_FILE = "GMusicPlayer/GMusicPlayer-Info.plist";
				PRODUCT_NAME = "$(TARGET_NAME)";
				WRAPPER_EXTENSION = app;
			};
			name = Release;
		};
		5129800E15C59F0B00C3036D /* Debug */ = {
			isa = XCBuildConfiguration;
			buildSettings = {
				BUNDLE_LOADER = "$(BUILT_PRODUCTS_DIR)/GMusicPlayer.app/Contents/MacOS/GMusicPlayer";
				COMBINE_HIDPI_IMAGES = YES;
				FRAMEWORK_SEARCH_PATHS = "\"$(DEVELOPER_LIBRARY_DIR)/Frameworks\"";
				GCC_PRECOMPILE_PREFIX_HEADER = YES;
				GCC_PREFIX_HEADER = "GMusicPlayer/GMusicPlayer-Prefix.pch";
				INFOPLIST_FILE = "GMusicPlayerTests/GMusicPlayerTests-Info.plist";
				PRODUCT_NAME = "$(TARGET_NAME)";
				TEST_HOST = "$(BUNDLE_LOADER)";
				WRAPPER_EXTENSION = octest;
			};
			name = Debug;
		};
		5129800F15C59F0B00C3036D /* Release */ = {
			isa = XCBuildConfiguration;
			buildSettings = {
				BUNDLE_LOADER = "$(BUILT_PRODUCTS_DIR)/GMusicPlayer.app/Contents/MacOS/GMusicPlayer";
				COMBINE_HIDPI_IMAGES = YES;
				FRAMEWORK_SEARCH_PATHS = "\"$(DEVELOPER_LIBRARY_DIR)/Frameworks\"";
				GCC_PRECOMPILE_PREFIX_HEADER = YES;
				GCC_PREFIX_HEADER = "GMusicPlayer/GMusicPlayer-Prefix.pch";
				INFOPLIST_FILE = "GMusicPlayerTests/GMusicPlayerTests-Info.plist";
				PRODUCT_NAME = "$(TARGET_NAME)";
				TEST_HOST = "$(BUNDLE_LOADER)";
				WRAPPER_EXTENSION = octest;
			};
			name = Release;
		};
/* End XCBuildConfiguration section */

/* Begin XCConfigurationList section */
		51297FD215C59F0B00C3036D /* Build configuration list for PBXProject "GMusicPlayer" */ = {
			isa = XCConfigurationList;
			buildConfigurations = (
				5129800815C59F0B00C3036D /* Debug */,
				5129800915C59F0B00C3036D /* Release */,
			);
			defaultConfigurationIsVisible = 0;
			defaultConfigurationName = Release;
		};
		5129800A15C59F0B00C3036D /* Build configuration list for PBXNativeTarget "GMusicPlayer" */ = {
			isa = XCConfigurationList;
			buildConfigurations = (
				5129800B15C59F0B00C3036D /* Debug */,
				5129800C15C59F0B00C3036D /* Release */,
			);
			defaultConfigurationIsVisible = 0;
		};
		5129800D15C59F0B00C3036D /* Build configuration list for PBXNativeTarget "GMusicPlayerTests" */ = {
			isa = XCConfigurationList;
			buildConfigurations = (
				5129800E15C59F0B00C3036D /* Debug */,
				5129800F15C59F0B00C3036D /* Release */,
			);
			defaultConfigurationIsVisible = 0;
		};
/* End XCConfigurationList section */
	};
	rootObject = 51297FCF15C59F0B00C3036D /* Project object */;
}
